PODS:
  - FlutterMacOS (1.0.0)
  - recaster (0.0.1):
    - FlutterMacOS

DEPENDENCIES:
  - FlutterMacOS (from `Flutter/ephemeral`)
  - recaster (from `Flutter/ephemeral/.symlinks/plugins/recaster/macos`)

EXTERNAL SOURCES:
  FlutterMacOS:
    :path: Flutter/ephemeral
  recaster:
    :path: Flutter/ephemeral/.symlinks/plugins/recaster/macos

SPEC CHECKSUMS:
  FlutterMacOS: 8f6f14fa908a6fb3fba0cd85dbd81ec4b251fb24
  recaster: 309639fba4e3896d070244626ef30f997302ab04

PODFILE CHECKSUM: 236401fc2c932af29a9fcf0e97baeeb2d750d367

COCOAPODS: 1.16.2
